
Microsoft Visual Studio Solution File, Format Version 12.00
# Visual Studio Version 17
VisualStudioVersion = 17.6.33815.320
MinimumVisualStudioVersion = 10.0.40219.1
Project("{FAE04EC0-301F-11D3-BF4B-00C04F79EFBC}") = "GridView2", "GridView2\GridView2.csproj", "{D2FF47C9-3EC2-4F8A-9CC8-FEA95CDD696D}"
EndProject
Global
	GlobalSection(SolutionConfigurationPlatforms) = preSolution
		Debug|Any CPU = Debug|Any CPU
		Release|Any CPU = Release|Any CPU
	EndGlobalSection
	GlobalSection(ProjectConfigurationPlatforms) = postSolution
		{D2FF47C9-3EC2-4F8A-9CC8-FEA95CDD696D}.Debug|Any CPU.ActiveCfg = Debug|Any CPU
		{D2FF47C9-3EC2-4F8A-9CC8-FEA95CDD696D}.Debug|Any CPU.Build.0 = Debug|Any CPU
		{D2FF47C9-3EC2-4F8A-9CC8-FEA95CDD696D}.Release|Any CPU.ActiveCfg = Release|Any CPU
		{D2FF47C9-3EC2-4F8A-9CC8-FEA95CDD696D}.Release|Any CPU.Build.0 = Release|Any CPU
	EndGlobalSection
	GlobalSection(SolutionProperties) = preSolution
		HideSolutionNode = FALSE
	EndGlobalSection
	GlobalSection(ExtensibilityGlobals) = postSolution
		SolutionGuid = {D59F6F05-8DBA-4CE4-8D27-D91CD5618611}
	EndGlobalSection
EndGlobal
