
Microsoft Visual Studio Solution File, Format Version 12.00
# Visual Studio Version 17
VisualStudioVersion = 17.6.33815.320
MinimumVisualStudioVersion = 10.0.40219.1
Project("{FAE04EC0-301F-11D3-BF4B-00C04F79EFBC}") = "RegistrationForm", "RegistrationForm\RegistrationForm.csproj", "{9005383B-1EFB-4419-9F40-241029611645}"
EndProject
Global
	GlobalSection(SolutionConfigurationPlatforms) = preSolution
		Debug|Any CPU = Debug|Any CPU
		Release|Any CPU = Release|Any CPU
	EndGlobalSection
	GlobalSection(ProjectConfigurationPlatforms) = postSolution
		{9005383B-1EFB-4419-9F40-241029611645}.Debug|Any CPU.ActiveCfg = Debug|Any CPU
		{9005383B-1EFB-4419-9F40-241029611645}.Debug|Any CPU.Build.0 = Debug|Any CPU
		{9005383B-1EFB-4419-9F40-241029611645}.Release|Any CPU.ActiveCfg = Release|Any CPU
		{9005383B-1EFB-4419-9F40-241029611645}.Release|Any CPU.Build.0 = Release|Any CPU
	EndGlobalSection
	GlobalSection(SolutionProperties) = preSolution
		HideSolutionNode = FALSE
	EndGlobalSection
	GlobalSection(ExtensibilityGlobals) = postSolution
		SolutionGuid = {7AAF2BB3-103C-48A7-88CE-37F6C233FAA1}
	EndGlobalSection
EndGlobal
