
Microsoft Visual Studio Solution File, Format Version 12.00
# Visual Studio Version 17
VisualStudioVersion = 17.6.33815.320
MinimumVisualStudioVersion = 10.0.40219.1
Project("{FAE04EC0-301F-11D3-BF4B-00C04F79EFBC}") = "Wizard01", "Wizard01\Wizard01.csproj", "{62C805A5-6A61-465A-A705-79DC3F61AE87}"
EndProject
Global
	GlobalSection(SolutionConfigurationPlatforms) = preSolution
		Debug|Any CPU = Debug|Any CPU
		Release|Any CPU = Release|Any CPU
	EndGlobalSection
	GlobalSection(ProjectConfigurationPlatforms) = postSolution
		{62C805A5-6A61-465A-A705-79DC3F61AE87}.Debug|Any CPU.ActiveCfg = Debug|Any CPU
		{62C805A5-6A61-465A-A705-79DC3F61AE87}.Debug|Any CPU.Build.0 = Debug|Any CPU
		{62C805A5-6A61-465A-A705-79DC3F61AE87}.Release|Any CPU.ActiveCfg = Release|Any CPU
		{62C805A5-6A61-465A-A705-79DC3F61AE87}.Release|Any CPU.Build.0 = Release|Any CPU
	EndGlobalSection
	GlobalSection(SolutionProperties) = preSolution
		HideSolutionNode = FALSE
	EndGlobalSection
	GlobalSection(ExtensibilityGlobals) = postSolution
		SolutionGuid = {580A44B9-550C-4018-95E4-0202CD46FF09}
	EndGlobalSection
EndGlobal
