
Microsoft Visual Studio Solution File, Format Version 12.00
# Visual Studio Version 17
VisualStudioVersion = 17.6.33815.320
MinimumVisualStudioVersion = 10.0.40219.1
Project("{FAE04EC0-301F-11D3-BF4B-00C04F79EFBC}") = "MVC_Design", "MVC_Design\MVC_Design.csproj", "{66C7879D-4911-48DC-BF70-EE16DB250A48}"
EndProject
Global
	GlobalSection(SolutionConfigurationPlatforms) = preSolution
		Debug|Any CPU = Debug|Any CPU
		Release|Any CPU = Release|Any CPU
	EndGlobalSection
	GlobalSection(ProjectConfigurationPlatforms) = postSolution
		{66C7879D-4911-48DC-BF70-EE16DB250A48}.Debug|Any CPU.ActiveCfg = Debug|Any CPU
		{66C7879D-4911-48DC-BF70-EE16DB250A48}.Debug|Any CPU.Build.0 = Debug|Any CPU
		{66C7879D-4911-48DC-BF70-EE16DB250A48}.Release|Any CPU.ActiveCfg = Release|Any CPU
		{66C7879D-4911-48DC-BF70-EE16DB250A48}.Release|Any CPU.Build.0 = Release|Any CPU
	EndGlobalSection
	GlobalSection(SolutionProperties) = preSolution
		HideSolutionNode = FALSE
	EndGlobalSection
	GlobalSection(ExtensibilityGlobals) = postSolution
		SolutionGuid = {34916A55-6E62-463D-9967-6573205B9BAB}
	EndGlobalSection
EndGlobal
