
Microsoft Visual Studio Solution File, Format Version 12.00
# Visual Studio Version 17
VisualStudioVersion = 17.6.33815.320
MinimumVisualStudioVersion = 10.0.40219.1
Project("{FAE04EC0-301F-11D3-BF4B-00C04F79EFBC}") = "StateMangement", "StateMangement\StateMangement.csproj", "{0B77E5D4-3D2C-4A77-9A48-DA5C5DBB8624}"
EndProject
Global
	GlobalSection(SolutionConfigurationPlatforms) = preSolution
		Debug|Any CPU = Debug|Any CPU
		Release|Any CPU = Release|Any CPU
	EndGlobalSection
	GlobalSection(ProjectConfigurationPlatforms) = postSolution
		{0B77E5D4-3D2C-4A77-9A48-DA5C5DBB8624}.Debug|Any CPU.ActiveCfg = Debug|Any CPU
		{0B77E5D4-3D2C-4A77-9A48-DA5C5DBB8624}.Debug|Any CPU.Build.0 = Debug|Any CPU
		{0B77E5D4-3D2C-4A77-9A48-DA5C5DBB8624}.Release|Any CPU.ActiveCfg = Release|Any CPU
		{0B77E5D4-3D2C-4A77-9A48-DA5C5DBB8624}.Release|Any CPU.Build.0 = Release|Any CPU
	EndGlobalSection
	GlobalSection(SolutionProperties) = preSolution
		HideSolutionNode = FALSE
	EndGlobalSection
	GlobalSection(ExtensibilityGlobals) = postSolution
		SolutionGuid = {C4AABFAD-9AB3-463D-8742-DDBFE60C9631}
	EndGlobalSection
EndGlobal
